{
    "version": 3,
    "terraform_version": "0.11.10",
    "serial": 2,
    "lineage": "d6211e78-471c-13da-468a-2f475af90dc6",
    "modules": [
        {
            "path": [
                "root"
            ],
            "outputs": {
                "alb_dns": {
                    "sensitive": false,
                    "type": "list",
                    "value": [
                        "cluster-alb-1482119765.ap-northeast-2.elb.amazonaws.com"
                    ]
                }
            },
            "resources": {},
            "depends_on": []
        },
        {
            "path": [
                "root",
                "cluster"
            ],
            "outputs": {
                "alb_dns": {
                    "sensitive": false,
                    "type": "list",
                    "value": [
                        "cluster-alb-1482119765.ap-northeast-2.elb.amazonaws.com"
                    ]
                }
            },
            "resources": {
                "aws_alb.cluster-alb": {
                    "type": "aws_alb",
                    "depends_on": [
                        "aws_security_group.public_ingress",
                        "aws_subnet.public-subnet.*"
                    ],
                    "primary": {
                        "id": "arn:aws:elasticloadbalancing:ap-northeast-2:705383350627:loadbalancer/app/cluster-alb/ac1494ca5338ba24",
                        "attributes": {
                            "access_logs.#": "0",
                            "arn": "arn:aws:elasticloadbalancing:ap-northeast-2:705383350627:loadbalancer/app/cluster-alb/ac1494ca5338ba24",
                            "arn_suffix": "app/cluster-alb/ac1494ca5338ba24",
                            "dns_name": "cluster-alb-1482119765.ap-northeast-2.elb.amazonaws.com",
                            "enable_deletion_protection": "false",
                            "enable_http2": "true",
                            "id": "arn:aws:elasticloadbalancing:ap-northeast-2:705383350627:loadbalancer/app/cluster-alb/ac1494ca5338ba24",
                            "idle_timeout": "60",
                            "internal": "false",
                            "ip_address_type": "ipv4",
                            "load_balancer_type": "application",
                            "name": "cluster-alb",
                            "security_groups.#": "1",
                            "security_groups.2184762294": "sg-0e9dec53ced02efef",
                            "subnet_mapping.#": "0",
                            "subnets.#": "2",
                            "subnets.4240954062": "subnet-07ed99841ffe07509",
                            "subnets.564458086": "subnet-0582b6fad884784d7",
                            "tags.%": "0",
                            "vpc_id": "vpc-02136abb5bb940df0",
                            "zone_id": "ZWKZPGTI48KDX"
                        },
                        "meta": {
                            "e2bfb730-ecaa-11e6-8f88-34363bc7c4c0": {
                                "create": 600000000000,
                                "delete": 600000000000,
                                "update": 600000000000
                            }
                        },
                        "tainted": false
                    },
                    "deposed": [],
                    "provider": "provider.aws"
                },
                "aws_alb_listener.web_listener": {
                    "type": "aws_alb_listener",
                    "depends_on": [
                        "aws_alb.cluster-alb",
                        "aws_alb_target_group.web"
                    ],
                    "primary": {
                        "id": "arn:aws:elasticloadbalancing:ap-northeast-2:705383350627:listener/app/cluster-alb/ac1494ca5338ba24/37078f067b611a11",
                        "attributes": {
                            "arn": "arn:aws:elasticloadbalancing:ap-northeast-2:705383350627:listener/app/cluster-alb/ac1494ca5338ba24/37078f067b611a11",
                            "default_action.#": "1",
                            "default_action.0.authenticate_cognito.#": "0",
                            "default_action.0.authenticate_oidc.#": "0",
                            "default_action.0.fixed_response.#": "0",
                            "default_action.0.order": "1",
                            "default_action.0.redirect.#": "0",
                            "default_action.0.target_group_arn": "arn:aws:elasticloadbalancing:ap-northeast-2:705383350627:targetgroup/web/a1ede3199aafbff8",
                            "default_action.0.type": "forward",
                            "id": "arn:aws:elasticloadbalancing:ap-northeast-2:705383350627:listener/app/cluster-alb/ac1494ca5338ba24/37078f067b611a11",
                            "load_balancer_arn": "arn:aws:elasticloadbalancing:ap-northeast-2:705383350627:loadbalancer/app/cluster-alb/ac1494ca5338ba24",
                            "port": "80",
                            "protocol": "HTTP",
                            "ssl_policy": ""
                        },
                        "meta": {
                            "e2bfb730-ecaa-11e6-8f88-34363bc7c4c0": {
                                "read": 600000000000
                            }
                        },
                        "tainted": false
                    },
                    "deposed": [],
                    "provider": "provider.aws"
                },
                "aws_alb_target_group.web": {
                    "type": "aws_alb_target_group",
                    "depends_on": [
                        "aws_vpc.cluster"
                    ],
                    "primary": {
                        "id": "arn:aws:elasticloadbalancing:ap-northeast-2:705383350627:targetgroup/web/a1ede3199aafbff8",
                        "attributes": {
                            "arn": "arn:aws:elasticloadbalancing:ap-northeast-2:705383350627:targetgroup/web/a1ede3199aafbff8",
                            "arn_suffix": "targetgroup/web/a1ede3199aafbff8",
                            "deregistration_delay": "300",
                            "health_check.#": "1",
                            "health_check.0.healthy_threshold": "5",
                            "health_check.0.interval": "30",
                            "health_check.0.matcher": "200",
                            "health_check.0.path": "/",
                            "health_check.0.port": "traffic-port",
                            "health_check.0.protocol": "HTTP",
                            "health_check.0.timeout": "5",
                            "health_check.0.unhealthy_threshold": "2",
                            "id": "arn:aws:elasticloadbalancing:ap-northeast-2:705383350627:targetgroup/web/a1ede3199aafbff8",
                            "name": "web",
                            "port": "80",
                            "protocol": "HTTP",
                            "proxy_protocol_v2": "false",
                            "slow_start": "0",
                            "stickiness.#": "1",
                            "stickiness.0.cookie_duration": "86400",
                            "stickiness.0.enabled": "false",
                            "stickiness.0.type": "lb_cookie",
                            "tags.%": "0",
                            "target_type": "instance",
                            "vpc_id": "vpc-02136abb5bb940df0"
                        },
                        "meta": {},
                        "tainted": false
                    },
                    "deposed": [],
                    "provider": "provider.aws"
                },
                "aws_autoscaling_attachment.web-attachment": {
                    "type": "aws_autoscaling_attachment",
                    "depends_on": [
                        "aws_alb_target_group.web",
                        "aws_autoscaling_group.cluster_node"
                    ],
                    "primary": {
                        "id": "cluster_node-20181210065433368400000002",
                        "attributes": {
                            "alb_target_group_arn": "arn:aws:elasticloadbalancing:ap-northeast-2:705383350627:targetgroup/web/a1ede3199aafbff8",
                            "autoscaling_group_name": "cluster_node",
                            "id": "cluster_node-20181210065433368400000002"
                        },
                        "meta": {},
                        "tainted": false
                    },
                    "deposed": [],
                    "provider": "provider.aws"
                },
                "aws_autoscaling_group.cluster_node": {
                    "type": "aws_autoscaling_group",
                    "depends_on": [
                        "aws_launch_configuration.cluster_node",
                        "aws_subnet.public-subnet.*"
                    ],
                    "primary": {
                        "id": "cluster_node",
                        "attributes": {
                            "arn": "arn:aws:autoscaling:ap-northeast-2:705383350627:autoScalingGroup:3fdf3054-2b2d-4a62-b14d-c9493a65f41f:autoScalingGroupName/cluster_node",
                            "availability_zones.#": "2",
                            "availability_zones.3418384093": "ap-northeast-2a",
                            "availability_zones.634259441": "ap-northeast-2c",
                            "default_cooldown": "300",
                            "desired_capacity": "3",
                            "enabled_metrics.#": "0",
                            "force_delete": "false",
                            "health_check_grace_period": "300",
                            "health_check_type": "ELB",
                            "id": "cluster_node",
                            "launch_configuration": "cluster-node-20181210065335280100000001",
                            "launch_template.#": "0",
                            "load_balancers.#": "0",
                            "max_size": "3",
                            "metrics_granularity": "1Minute",
                            "min_size": "3",
                            "mixed_instances_policy.#": "0",
                            "name": "cluster_node",
                            "placement_group": "",
                            "protect_from_scale_in": "false",
                            "service_linked_role_arn": "arn:aws:iam::705383350627:role/aws-service-role/autoscaling.amazonaws.com/AWSServiceRoleForAutoScaling",
                            "suspended_processes.#": "0",
                            "tag.#": "0",
                            "target_group_arns.#": "0",
                            "termination_policies.#": "0",
                            "vpc_zone_identifier.#": "2",
                            "vpc_zone_identifier.4240954062": "subnet-07ed99841ffe07509",
                            "vpc_zone_identifier.564458086": "subnet-0582b6fad884784d7",
                            "wait_for_capacity_timeout": "10m"
                        },
                        "meta": {
                            "e2bfb730-ecaa-11e6-8f88-34363bc7c4c0": {
                                "delete": 600000000000
                            }
                        },
                        "tainted": false
                    },
                    "deposed": [],
                    "provider": "provider.aws"
                },
                "aws_internet_gateway.cluster_gateway": {
                    "type": "aws_internet_gateway",
                    "depends_on": [
                        "aws_vpc.cluster"
                    ],
                    "primary": {
                        "id": "igw-0675d479ac3e8474c",
                        "attributes": {
                            "id": "igw-0675d479ac3e8474c",
                            "owner_id": "705383350627",
                            "tags.%": "0",
                            "vpc_id": "vpc-02136abb5bb940df0"
                        },
                        "meta": {},
                        "tainted": false
                    },
                    "deposed": [],
                    "provider": "provider.aws"
                },
                "aws_key_pair.keypair": {
                    "type": "aws_key_pair",
                    "depends_on": [],
                    "primary": {
                        "id": "cluster",
                        "attributes": {
                            "fingerprint": "91:a6:f4:81:eb:ac:2f:13:c5:ed:73:8d:e6:74:b6:e7",
                            "id": "cluster",
                            "key_name": "cluster",
                            "public_key": "ssh-rsa AAAAB3NzaC1yc2EAAAADAQABAAACAQCfIclj04SSpHmxPHRo9CWMlWMpQWf1hVLOuzlOMEU+BYpBE7poqbbbUvoqLRatgOCW8sMkg6mV1zxQ7AljpEiwRQEmjzANKw+DD1xq1XOcu3oLZ9shtom1Ra9uqE+yxZzfH/DWZDeuqoAd38wpym2l/UYrw/CH1kldKOtQwn5VBJTn8c/57FqqCBBA0mgSBtl/MmxrsihASFlCkhyD+jYWLKxL7tTXIuNqPZYuvdjlXFsSmDELacyWlMuq5zWIssVCDfRqIXAvOBf/z32EpxmW0rt0MrXw6lunwinZ31C8qbaejDAlLGu9nWu/apgMfKXRw7vJiaV4e5svL89eA2iyuTDdthiJl7oB5wmT/71CMGPNPUhI9ofAoyMug/JFoKatIFFz+7R3p4kmGTMq1FpeErG5vVH9fyF8MD6bJH44sDdHM0QHG04fqwY5QY5xcZCJDDg7sy7DC/g4vhI5nSUC2vqhk45qA1lcl4Z3wYJJW6RbKLq8MhPjs+n2SuaEzBmkM4dNBs/BRyZERnlg6Qfv/UEqMyZEoX8q5ep4fJ0pdi01/D23L7PcTZtUnXAf5tXyQJz+XldDqDxdhB+oxUAc2N3KvbRWq5Mb2jBLogzsZkRYnSGKLJ56qLtNTJkmHmpGt9jh3rCsGBLyzDuR0rHGSqzY7rQ7O8/zEJsS11NPYw== dwmkerr@gmail.com"
                        },
                        "meta": {
                            "schema_version": "1"
                        },
                        "tainted": false
                    },
                    "deposed": [],
                    "provider": "provider.aws"
                },
                "aws_launch_configuration.cluster_node": {
                    "type": "aws_launch_configuration",
                    "depends_on": [
                        "aws_key_pair.keypair",
                        "aws_security_group.intra_node_communication",
                        "aws_security_group.public_egress",
                        "aws_security_group.public_ingress",
                        "aws_security_group.ssh_access",
                        "data.aws_ami.amazon-linux-2",
                        "data.template_file.userdata"
                    ],
                    "primary": {
                        "id": "cluster-node-20181210065335280100000001",
                        "attributes": {
                            "associate_public_ip_address": "true",
                            "ebs_block_device.#": "0",
                            "ebs_optimized": "false",
                            "enable_monitoring": "true",
                            "ephemeral_block_device.#": "0",
                            "iam_instance_profile": "",
                            "id": "cluster-node-20181210065335280100000001",
                            "image_id": "ami-0b4fdb56a00adb616",
                            "instance_type": "t2.micro",
                            "key_name": "cluster",
                            "name": "cluster-node-20181210065335280100000001",
                            "name_prefix": "cluster-node-",
                            "root_block_device.#": "0",
                            "security_groups.#": "4",
                            "security_groups.1163779221": "sg-0af47837b70030645",
                            "security_groups.2184762294": "sg-0e9dec53ced02efef",
                            "security_groups.252149453": "sg-03e30f4a663c34e06",
                            "security_groups.3287859200": "sg-03a9b796f040dbfe9",
                            "spot_price": "",
                            "user_data": "2162131387d5798515cefc540e2fd9f8f712bea9",
                            "vpc_classic_link_id": "",
                            "vpc_classic_link_security_groups.#": "0"
                        },
                        "meta": {},
                        "tainted": false
                    },
                    "deposed": [],
                    "provider": "provider.aws"
                },
                "aws_route_table.public": {
                    "type": "aws_route_table",
                    "depends_on": [
                        "aws_internet_gateway.cluster_gateway",
                        "aws_vpc.cluster"
                    ],
                    "primary": {
                        "id": "rtb-0ed2f1497d75894e8",
                        "attributes": {
                            "id": "rtb-0ed2f1497d75894e8",
                            "owner_id": "705383350627",
                            "propagating_vgws.#": "0",
                            "route.#": "1",
                            "route.2363566940.cidr_block": "0.0.0.0/0",
                            "route.2363566940.egress_only_gateway_id": "",
                            "route.2363566940.gateway_id": "igw-0675d479ac3e8474c",
                            "route.2363566940.instance_id": "",
                            "route.2363566940.ipv6_cidr_block": "",
                            "route.2363566940.nat_gateway_id": "",
                            "route.2363566940.network_interface_id": "",
                            "route.2363566940.transit_gateway_id": "",
                            "route.2363566940.vpc_peering_connection_id": "",
                            "tags.%": "0",
                            "vpc_id": "vpc-02136abb5bb940df0"
                        },
                        "meta": {},
                        "tainted": false
                    },
                    "deposed": [],
                    "provider": "provider.aws"
                },
                "aws_route_table_association.public-subnet.0": {
                    "type": "aws_route_table_association",
                    "depends_on": [
                        "aws_route_table.public",
                        "aws_subnet.public-subnet.*"
                    ],
                    "primary": {
                        "id": "rtbassoc-06f087b859ce27790",
                        "attributes": {
                            "id": "rtbassoc-06f087b859ce27790",
                            "route_table_id": "rtb-0ed2f1497d75894e8",
                            "subnet_id": "subnet-0582b6fad884784d7"
                        },
                        "meta": {},
                        "tainted": false
                    },
                    "deposed": [],
                    "provider": "provider.aws"
                },
                "aws_route_table_association.public-subnet.1": {
                    "type": "aws_route_table_association",
                    "depends_on": [
                        "aws_route_table.public",
                        "aws_subnet.public-subnet.*"
                    ],
                    "primary": {
                        "id": "rtbassoc-0d6daa6328c2bdad5",
                        "attributes": {
                            "id": "rtbassoc-0d6daa6328c2bdad5",
                            "route_table_id": "rtb-0ed2f1497d75894e8",
                            "subnet_id": "subnet-07ed99841ffe07509"
                        },
                        "meta": {},
                        "tainted": false
                    },
                    "deposed": [],
                    "provider": "provider.aws"
                },
                "aws_security_group.intra_node_communication": {
                    "type": "aws_security_group",
                    "depends_on": [
                        "aws_vpc.cluster"
                    ],
                    "primary": {
                        "id": "sg-03a9b796f040dbfe9",
                        "attributes": {
                            "arn": "arn:aws:ec2:ap-northeast-2:705383350627:security-group/sg-03a9b796f040dbfe9",
                            "description": "Default security group that allows all instances in the VPC to talk to each other over any port and protocol.",
                            "egress.#": "1",
                            "egress.753360330.cidr_blocks.#": "0",
                            "egress.753360330.description": "",
                            "egress.753360330.from_port": "0",
                            "egress.753360330.ipv6_cidr_blocks.#": "0",
                            "egress.753360330.prefix_list_ids.#": "0",
                            "egress.753360330.protocol": "-1",
                            "egress.753360330.security_groups.#": "0",
                            "egress.753360330.self": "true",
                            "egress.753360330.to_port": "0",
                            "id": "sg-03a9b796f040dbfe9",
                            "ingress.#": "1",
                            "ingress.753360330.cidr_blocks.#": "0",
                            "ingress.753360330.description": "",
                            "ingress.753360330.from_port": "0",
                            "ingress.753360330.ipv6_cidr_blocks.#": "0",
                            "ingress.753360330.prefix_list_ids.#": "0",
                            "ingress.753360330.protocol": "-1",
                            "ingress.753360330.security_groups.#": "0",
                            "ingress.753360330.self": "true",
                            "ingress.753360330.to_port": "0",
                            "name": "intra-node-communication",
                            "owner_id": "705383350627",
                            "revoke_rules_on_delete": "false",
                            "tags.%": "0",
                            "vpc_id": "vpc-02136abb5bb940df0"
                        },
                        "meta": {
                            "e2bfb730-ecaa-11e6-8f88-34363bc7c4c0": {
                                "create": 600000000000,
                                "delete": 600000000000
                            },
                            "schema_version": "1"
                        },
                        "tainted": false
                    },
                    "deposed": [],
                    "provider": "provider.aws"
                },
                "aws_security_group.public_egress": {
                    "type": "aws_security_group",
                    "depends_on": [
                        "aws_vpc.cluster"
                    ],
                    "primary": {
                        "id": "sg-03e30f4a663c34e06",
                        "attributes": {
                            "arn": "arn:aws:ec2:ap-northeast-2:705383350627:security-group/sg-03e30f4a663c34e06",
                            "description": "Security group that allows egress to the internet for instances over HTTP and HTTPS.",
                            "egress.#": "2",
                            "egress.2214680975.cidr_blocks.#": "1",
                            "egress.2214680975.cidr_blocks.0": "0.0.0.0/0",
                            "egress.2214680975.description": "",
                            "egress.2214680975.from_port": "80",
                            "egress.2214680975.ipv6_cidr_blocks.#": "0",
                            "egress.2214680975.prefix_list_ids.#": "0",
                            "egress.2214680975.protocol": "tcp",
                            "egress.2214680975.security_groups.#": "0",
                            "egress.2214680975.self": "false",
                            "egress.2214680975.to_port": "80",
                            "egress.2617001939.cidr_blocks.#": "1",
                            "egress.2617001939.cidr_blocks.0": "0.0.0.0/0",
                            "egress.2617001939.description": "",
                            "egress.2617001939.from_port": "443",
                            "egress.2617001939.ipv6_cidr_blocks.#": "0",
                            "egress.2617001939.prefix_list_ids.#": "0",
                            "egress.2617001939.protocol": "tcp",
                            "egress.2617001939.security_groups.#": "0",
                            "egress.2617001939.self": "false",
                            "egress.2617001939.to_port": "443",
                            "id": "sg-03e30f4a663c34e06",
                            "ingress.#": "0",
                            "name": "-",
                            "owner_id": "705383350627",
                            "revoke_rules_on_delete": "false",
                            "tags.%": "0",
                            "vpc_id": "vpc-02136abb5bb940df0"
                        },
                        "meta": {
                            "e2bfb730-ecaa-11e6-8f88-34363bc7c4c0": {
                                "create": 600000000000,
                                "delete": 600000000000
                            },
                            "schema_version": "1"
                        },
                        "tainted": false
                    },
                    "deposed": [],
                    "provider": "provider.aws"
                },
                "aws_security_group.public_ingress": {
                    "type": "aws_security_group",
                    "depends_on": [
                        "aws_vpc.cluster"
                    ],
                    "primary": {
                        "id": "sg-0e9dec53ced02efef",
                        "attributes": {
                            "arn": "arn:aws:ec2:ap-northeast-2:705383350627:security-group/sg-0e9dec53ced02efef",
                            "description": "Security group that allows public ingress to instances on HTTP and HTTPS.",
                            "egress.#": "0",
                            "id": "sg-0e9dec53ced02efef",
                            "ingress.#": "4",
                            "ingress.2214680975.cidr_blocks.#": "1",
                            "ingress.2214680975.cidr_blocks.0": "0.0.0.0/0",
                            "ingress.2214680975.description": "",
                            "ingress.2214680975.from_port": "80",
                            "ingress.2214680975.ipv6_cidr_blocks.#": "0",
                            "ingress.2214680975.prefix_list_ids.#": "0",
                            "ingress.2214680975.protocol": "tcp",
                            "ingress.2214680975.security_groups.#": "0",
                            "ingress.2214680975.self": "false",
                            "ingress.2214680975.to_port": "80",
                            "ingress.2617001939.cidr_blocks.#": "1",
                            "ingress.2617001939.cidr_blocks.0": "0.0.0.0/0",
                            "ingress.2617001939.description": "",
                            "ingress.2617001939.from_port": "443",
                            "ingress.2617001939.ipv6_cidr_blocks.#": "0",
                            "ingress.2617001939.prefix_list_ids.#": "0",
                            "ingress.2617001939.protocol": "tcp",
                            "ingress.2617001939.security_groups.#": "0",
                            "ingress.2617001939.self": "false",
                            "ingress.2617001939.to_port": "443",
                            "ingress.2715662207.cidr_blocks.#": "1",
                            "ingress.2715662207.cidr_blocks.0": "0.0.0.0/0",
                            "ingress.2715662207.description": "",
                            "ingress.2715662207.from_port": "8443",
                            "ingress.2715662207.ipv6_cidr_blocks.#": "0",
                            "ingress.2715662207.prefix_list_ids.#": "0",
                            "ingress.2715662207.protocol": "tcp",
                            "ingress.2715662207.security_groups.#": "0",
                            "ingress.2715662207.self": "false",
                            "ingress.2715662207.to_port": "8443",
                            "ingress.516175195.cidr_blocks.#": "1",
                            "ingress.516175195.cidr_blocks.0": "0.0.0.0/0",
                            "ingress.516175195.description": "",
                            "ingress.516175195.from_port": "8080",
                            "ingress.516175195.ipv6_cidr_blocks.#": "0",
                            "ingress.516175195.prefix_list_ids.#": "0",
                            "ingress.516175195.protocol": "tcp",
                            "ingress.516175195.security_groups.#": "0",
                            "ingress.516175195.self": "false",
                            "ingress.516175195.to_port": "8080",
                            "name": "public_ingress",
                            "owner_id": "705383350627",
                            "revoke_rules_on_delete": "false",
                            "tags.%": "0",
                            "vpc_id": "vpc-02136abb5bb940df0"
                        },
                        "meta": {
                            "e2bfb730-ecaa-11e6-8f88-34363bc7c4c0": {
                                "create": 600000000000,
                                "delete": 600000000000
                            },
                            "schema_version": "1"
                        },
                        "tainted": false
                    },
                    "deposed": [],
                    "provider": "provider.aws"
                },
                "aws_security_group.ssh_access": {
                    "type": "aws_security_group",
                    "depends_on": [
                        "aws_vpc.cluster"
                    ],
                    "primary": {
                        "id": "sg-0af47837b70030645",
                        "attributes": {
                            "arn": "arn:aws:ec2:ap-northeast-2:705383350627:security-group/sg-0af47837b70030645",
                            "description": "Security group that allows public access over SSH.",
                            "egress.#": "0",
                            "id": "sg-0af47837b70030645",
                            "ingress.#": "1",
                            "ingress.2541437006.cidr_blocks.#": "1",
                            "ingress.2541437006.cidr_blocks.0": "0.0.0.0/0",
                            "ingress.2541437006.description": "",
                            "ingress.2541437006.from_port": "22",
                            "ingress.2541437006.ipv6_cidr_blocks.#": "0",
                            "ingress.2541437006.prefix_list_ids.#": "0",
                            "ingress.2541437006.protocol": "tcp",
                            "ingress.2541437006.security_groups.#": "0",
                            "ingress.2541437006.self": "false",
                            "ingress.2541437006.to_port": "22",
                            "name": "ssh_access",
                            "owner_id": "705383350627",
                            "revoke_rules_on_delete": "false",
                            "tags.%": "0",
                            "vpc_id": "vpc-02136abb5bb940df0"
                        },
                        "meta": {
                            "e2bfb730-ecaa-11e6-8f88-34363bc7c4c0": {
                                "create": 600000000000,
                                "delete": 600000000000
                            },
                            "schema_version": "1"
                        },
                        "tainted": false
                    },
                    "deposed": [],
                    "provider": "provider.aws"
                },
                "aws_subnet.public-subnet.0": {
                    "type": "aws_subnet",
                    "depends_on": [
                        "aws_internet_gateway.cluster_gateway",
                        "aws_vpc.cluster"
                    ],
                    "primary": {
                        "id": "subnet-0582b6fad884784d7",
                        "attributes": {
                            "arn": "arn:aws:ec2:ap-northeast-2:705383350627:subnet/subnet-0582b6fad884784d7",
                            "assign_ipv6_address_on_creation": "false",
                            "availability_zone": "ap-northeast-2a",
                            "availability_zone_id": "apne2-az1",
                            "cidr_block": "10.0.1.0/24",
                            "id": "subnet-0582b6fad884784d7",
                            "ipv6_cidr_block": "",
                            "ipv6_cidr_block_association_id": "",
                            "map_public_ip_on_launch": "true",
                            "owner_id": "705383350627",
                            "tags.%": "0",
                            "vpc_id": "vpc-02136abb5bb940df0"
                        },
                        "meta": {
                            "e2bfb730-ecaa-11e6-8f88-34363bc7c4c0": {
                                "create": 600000000000,
                                "delete": 600000000000
                            },
                            "schema_version": "1"
                        },
                        "tainted": false
                    },
                    "deposed": [],
                    "provider": "provider.aws"
                },
                "aws_subnet.public-subnet.1": {
                    "type": "aws_subnet",
                    "depends_on": [
                        "aws_internet_gateway.cluster_gateway",
                        "aws_vpc.cluster"
                    ],
                    "primary": {
                        "id": "subnet-07ed99841ffe07509",
                        "attributes": {
                            "arn": "arn:aws:ec2:ap-northeast-2:705383350627:subnet/subnet-07ed99841ffe07509",
                            "assign_ipv6_address_on_creation": "false",
                            "availability_zone": "ap-northeast-2c",
                            "availability_zone_id": "apne2-az3",
                            "cidr_block": "10.0.3.0/24",
                            "id": "subnet-07ed99841ffe07509",
                            "ipv6_cidr_block": "",
                            "ipv6_cidr_block_association_id": "",
                            "map_public_ip_on_launch": "true",
                            "owner_id": "705383350627",
                            "tags.%": "0",
                            "vpc_id": "vpc-02136abb5bb940df0"
                        },
                        "meta": {
                            "e2bfb730-ecaa-11e6-8f88-34363bc7c4c0": {
                                "create": 600000000000,
                                "delete": 600000000000
                            },
                            "schema_version": "1"
                        },
                        "tainted": false
                    },
                    "deposed": [],
                    "provider": "provider.aws"
                },
                "aws_vpc.cluster": {
                    "type": "aws_vpc",
                    "depends_on": [],
                    "primary": {
                        "id": "vpc-02136abb5bb940df0",
                        "attributes": {
                            "arn": "arn:aws:ec2:ap-northeast-2:705383350627:vpc/vpc-02136abb5bb940df0",
                            "assign_generated_ipv6_cidr_block": "false",
                            "cidr_block": "10.0.0.0/16",
                            "default_network_acl_id": "acl-05ac15fddfeb66502",
                            "default_route_table_id": "rtb-02308e026fa06833b",
                            "default_security_group_id": "sg-078b5ab7eb9bb6376",
                            "dhcp_options_id": "dopt-7069cc19",
                            "enable_dns_hostnames": "true",
                            "enable_dns_support": "true",
                            "id": "vpc-02136abb5bb940df0",
                            "instance_tenancy": "default",
                            "ipv6_association_id": "",
                            "ipv6_cidr_block": "",
                            "main_route_table_id": "rtb-02308e026fa06833b",
                            "owner_id": "705383350627",
                            "tags.%": "0"
                        },
                        "meta": {
                            "schema_version": "1"
                        },
                        "tainted": false
                    },
                    "deposed": [],
                    "provider": "provider.aws"
                },
                "data.aws_ami.amazon-linux-2": {
                    "type": "aws_ami",
                    "depends_on": [],
                    "primary": {
                        "id": "ami-0b4fdb56a00adb616",
                        "attributes": {
                            "architecture": "x86_64",
                            "block_device_mappings.#": "1",
                            "block_device_mappings.340275815.device_name": "/dev/xvda",
                            "block_device_mappings.340275815.ebs.%": "6",
                            "block_device_mappings.340275815.ebs.delete_on_termination": "true",
                            "block_device_mappings.340275815.ebs.encrypted": "false",
                            "block_device_mappings.340275815.ebs.iops": "0",
                            "block_device_mappings.340275815.ebs.snapshot_id": "snap-04f58ce243c9b5f76",
                            "block_device_mappings.340275815.ebs.volume_size": "8",
                            "block_device_mappings.340275815.ebs.volume_type": "gp2",
                            "block_device_mappings.340275815.no_device": "",
                            "block_device_mappings.340275815.virtual_name": "",
                            "creation_date": "2018-11-14T09:06:56.000Z",
                            "description": "Amazon Linux 2 AMI 2.0.20181114 x86_64 HVM gp2",
                            "filter.#": "2",
                            "filter.3355656240.name": "name",
                            "filter.3355656240.values.#": "1",
                            "filter.3355656240.values.0": "amzn2-ami-hvm*",
                            "filter.574890044.name": "owner-alias",
                            "filter.574890044.values.#": "1",
                            "filter.574890044.values.0": "amazon",
                            "hypervisor": "xen",
                            "id": "ami-0b4fdb56a00adb616",
                            "image_id": "ami-0b4fdb56a00adb616",
                            "image_location": "amazon/amzn2-ami-hvm-2.0.20181114-x86_64-gp2",
                            "image_owner_alias": "amazon",
                            "image_type": "machine",
                            "most_recent": "true",
                            "name": "amzn2-ami-hvm-2.0.20181114-x86_64-gp2",
                            "owner_id": "137112412989",
                            "product_codes.#": "0",
                            "public": "true",
                            "root_device_name": "/dev/xvda",
                            "root_device_type": "ebs",
                            "root_snapshot_id": "snap-04f58ce243c9b5f76",
                            "sriov_net_support": "simple",
                            "state": "available",
                            "state_reason.%": "2",
                            "state_reason.code": "UNSET",
                            "state_reason.message": "UNSET",
                            "tags.%": "0",
                            "virtualization_type": "hvm"
                        },
                        "meta": {},
                        "tainted": false
                    },
                    "deposed": [],
                    "provider": "provider.aws"
                },
                "data.template_file.userdata": {
                    "type": "template_file",
                    "depends_on": [],
                    "primary": {
                        "id": "a537f4f8c62b90ebd6b829d467402a7cac73ecb4c1e44e8f0af96cd12d25a7e6",
                        "attributes": {
                            "id": "a537f4f8c62b90ebd6b829d467402a7cac73ecb4c1e44e8f0af96cd12d25a7e6",
                            "rendered": "#!/usr/bin/env bash\n\n# Log everything we do.\nset -x\nexec \u003e /var/log/user-data.log 2\u003e\u00261\n\n# Elevate, update yum and install and start apache.\nyum update -y\nyum install -y httpd\nservice httpd start\n\n# Create a simple page showing our local hostname.\necho \"\u003cp\u003eHello from $(curl http://169.254.169.254/latest/meta-data/local-hostname)\u003c/p\u003e\" \u003e\u003e /var/www/index.html\n",
                            "template": "#!/usr/bin/env bash\n\n# Log everything we do.\nset -x\nexec \u003e /var/log/user-data.log 2\u003e\u00261\n\n# Elevate, update yum and install and start apache.\nyum update -y\nyum install -y httpd\nservice httpd start\n\n# Create a simple page showing our local hostname.\necho \"\u003cp\u003eHello from $(curl http://169.254.169.254/latest/meta-data/local-hostname)\u003c/p\u003e\" \u003e\u003e /var/www/index.html\n",
                            "vars.%": "1",
                            "vars.region": "ap-northeast-2"
                        },
                        "meta": {},
                        "tainted": false
                    },
                    "deposed": [],
                    "provider": "provider.template"
                }
            },
            "depends_on": []
        }
    ]
}
